
Microsoft Visual Studio Solution File, Format Version 12.00
# Visual Studio Version 17
VisualStudioVersion = 17.2.32526.322
MinimumVisualStudioVersion = 10.0.40219.1
Project("{9A19103F-16F7-4668-BE54-9A1E7A4F7556}") = "Beis.HelpToGrow.Voucher.FunctionApp", "Beis.HelpToGrow.Voucher.FunctionApp\Beis.HelpToGrow.Voucher.FunctionApp.csproj", "{47BC7D2F-8001-46CD-B452-2787FD9BBCC7}"
EndProject
Project("{9A19103F-16F7-4668-BE54-9A1E7A4F7556}") = "Beis.HelpToGrow.Voucher.Web", "BEIS.HelpToGrow.Voucher.Web\Beis.HelpToGrow.Voucher.Web.csproj", "{031175D6-F3B2-412B-8884-461CEEBC26BB}"
EndProject
Project("{9A19103F-16F7-4668-BE54-9A1E7A4F7556}") = "Beis.HelpToGrow.Voucher.Web.Tests", "BEIS.HelpToGrow.Voucher.Web.Tests\Beis.HelpToGrow.Voucher.Web.Tests.csproj", "{5C5A645E-03FC-46AB-9B0D-D82538D42130}"
EndProject
Global
	GlobalSection(SolutionConfigurationPlatforms) = preSolution
		Debug|Any CPU = Debug|Any CPU
		Release|Any CPU = Release|Any CPU
	EndGlobalSection
	GlobalSection(ProjectConfigurationPlatforms) = postSolution
		{47BC7D2F-8001-46CD-B452-2787FD9BBCC7}.Debug|Any CPU.ActiveCfg = Debug|Any CPU
		{47BC7D2F-8001-46CD-B452-2787FD9BBCC7}.Debug|Any CPU.Build.0 = Debug|Any CPU
		{47BC7D2F-8001-46CD-B452-2787FD9BBCC7}.Release|Any CPU.ActiveCfg = Release|Any CPU
		{47BC7D2F-8001-46CD-B452-2787FD9BBCC7}.Release|Any CPU.Build.0 = Release|Any CPU
		{031175D6-F3B2-412B-8884-461CEEBC26BB}.Debug|Any CPU.ActiveCfg = Debug|Any CPU
		{031175D6-F3B2-412B-8884-461CEEBC26BB}.Debug|Any CPU.Build.0 = Debug|Any CPU
		{031175D6-F3B2-412B-8884-461CEEBC26BB}.Release|Any CPU.ActiveCfg = Release|Any CPU
		{031175D6-F3B2-412B-8884-461CEEBC26BB}.Release|Any CPU.Build.0 = Release|Any CPU
		{5C5A645E-03FC-46AB-9B0D-D82538D42130}.Debug|Any CPU.ActiveCfg = Debug|Any CPU
		{5C5A645E-03FC-46AB-9B0D-D82538D42130}.Debug|Any CPU.Build.0 = Debug|Any CPU
		{5C5A645E-03FC-46AB-9B0D-D82538D42130}.Release|Any CPU.ActiveCfg = Release|Any CPU
		{5C5A645E-03FC-46AB-9B0D-D82538D42130}.Release|Any CPU.Build.0 = Release|Any CPU
	EndGlobalSection
	GlobalSection(SolutionProperties) = preSolution
		HideSolutionNode = FALSE
	EndGlobalSection
	GlobalSection(ExtensibilityGlobals) = postSolution
		SolutionGuid = {CFA72DDE-959E-4C79-874B-915F012DAEB5}
	EndGlobalSection
EndGlobal
