{
  "name": "wwwroot",
  "version": "1.0.0",
  "lockfileVersion": 1,
  "requires": true,
  "dependencies": {
    "@ministryofjustice/frontend": {
      "version": "0.2.5",
      "resolved": "https://registry.npmjs.org/@ministryofjustice/frontend/-/frontend-0.2.5.tgz",
      "integrity": "sha512-hcqlQV2vB1uWi/spJ7VZUcMvbqZBlLyq+/buRH6+r9F97Z7+/lRmvNXDj7ktnXqcaUDVhEZlCXyALGaT9T3USw==",
      "requires": {
        "moment": "^2.27.0"
      }
    },
    "govuk-frontend": {
      "version": "3.13.0",
      "resolved": "https://registry.npmjs.org/govuk-frontend/-/govuk-frontend-3.13.0.tgz",
      "integrity": "sha512-JiPCeasuHZ+9m1VyqhsfE81PhWIW4Sweoe6Jvn6oMjQNr75ZpupiytN3DGwA+WKOoESHZibIG+heAzlkdZ/MhA=="
    },
    "moment": {
      "version": "2.29.3",
      "resolved": "https://registry.npmjs.org/moment/-/moment-2.29.3.tgz",
      "integrity": "sha512-c6YRvhEo//6T2Jz/vVtYzqBzwvPT95JBQ+smCytzf7c50oMZRsR/a4w88aD34I+/QVSfnoAnSBFPJHItlOMJVw=="
    }
  }
}
